
Microsoft Visual Studio Solution File, Format Version 12.00
# Visual Studio Version 16
VisualStudioVersion = 16.0.29111.141
MinimumVisualStudioVersion = 10.0.40219.1
Project("{9A19103F-16F7-4668-BE54-9A1E7A4F7556}") = "InputshareLib", "InputshareLib\InputshareLib.csproj", "{9099176C-96DD-438A-9542-B9AA32E2F7D9}"
EndProject
Project("{9A19103F-16F7-4668-BE54-9A1E7A4F7556}") = "InputshareLibWindows", "InputshareLibWindows\InputshareLibWindows.csproj", "{46921911-92C7-407B-8CC2-9248CACABC62}"
EndProject
Project("{9A19103F-16F7-4668-BE54-9A1E7A4F7556}") = "InputshareWindows", "InputshareWindows\InputshareWindows.csproj", "{A6E5A0FF-BA2D-4C90-85FB-3C94A7776EDB}"
EndProject
Project("{9A19103F-16F7-4668-BE54-9A1E7A4F7556}") = "InputshareService", "InputshareService\InputshareService.csproj", "{1AFCE7BF-5BCA-44BD-A27E-B6451005A032}"
EndProject
Project("{9A19103F-16F7-4668-BE54-9A1E7A4F7556}") = "InputshareSP", "InputshareSP\InputshareSP.csproj", "{282F2139-D231-4350-B447-4B6A4B73539E}"
EndProject
Project("{FAE04EC0-301F-11D3-BF4B-00C04F79EFBC}") = "Inputshare", "Inputshare\Inputshare.csproj", "{7A2D07F8-A024-4F06-A877-4D8A2ABC76EC}"
EndProject
Global
	GlobalSection(SolutionConfigurationPlatforms) = preSolution
		WindowsDebug|x64 = WindowsDebug|x64
		WindowsDebug|x86 = WindowsDebug|x86
		WindowsRelease|x64 = WindowsRelease|x64
		WindowsRelease|x86 = WindowsRelease|x86
	EndGlobalSection
	GlobalSection(ProjectConfigurationPlatforms) = postSolution
		{9099176C-96DD-438A-9542-B9AA32E2F7D9}.WindowsDebug|x64.ActiveCfg = WindowsDebug|x64
		{9099176C-96DD-438A-9542-B9AA32E2F7D9}.WindowsDebug|x64.Build.0 = WindowsDebug|x64
		{9099176C-96DD-438A-9542-B9AA32E2F7D9}.WindowsDebug|x86.ActiveCfg = WindowsDebug|x86
		{9099176C-96DD-438A-9542-B9AA32E2F7D9}.WindowsDebug|x86.Build.0 = WindowsDebug|x86
		{9099176C-96DD-438A-9542-B9AA32E2F7D9}.WindowsRelease|x64.ActiveCfg = WindowsRelease|x64
		{9099176C-96DD-438A-9542-B9AA32E2F7D9}.WindowsRelease|x64.Build.0 = WindowsRelease|x64
		{9099176C-96DD-438A-9542-B9AA32E2F7D9}.WindowsRelease|x86.ActiveCfg = WindowsRelease|x86
		{9099176C-96DD-438A-9542-B9AA32E2F7D9}.WindowsRelease|x86.Build.0 = WindowsRelease|x86
		{46921911-92C7-407B-8CC2-9248CACABC62}.WindowsDebug|x64.ActiveCfg = WindowsDebug|x64
		{46921911-92C7-407B-8CC2-9248CACABC62}.WindowsDebug|x64.Build.0 = WindowsDebug|x64
		{46921911-92C7-407B-8CC2-9248CACABC62}.WindowsDebug|x86.ActiveCfg = WindowsDebug|x86
		{46921911-92C7-407B-8CC2-9248CACABC62}.WindowsDebug|x86.Build.0 = WindowsDebug|x86
		{46921911-92C7-407B-8CC2-9248CACABC62}.WindowsRelease|x64.ActiveCfg = WindowsRelease|x64
		{46921911-92C7-407B-8CC2-9248CACABC62}.WindowsRelease|x64.Build.0 = WindowsRelease|x64
		{46921911-92C7-407B-8CC2-9248CACABC62}.WindowsRelease|x86.ActiveCfg = WindowsRelease|x86
		{46921911-92C7-407B-8CC2-9248CACABC62}.WindowsRelease|x86.Build.0 = WindowsRelease|x86
		{A6E5A0FF-BA2D-4C90-85FB-3C94A7776EDB}.WindowsDebug|x64.ActiveCfg = WindowsDebug|x64
		{A6E5A0FF-BA2D-4C90-85FB-3C94A7776EDB}.WindowsDebug|x64.Build.0 = WindowsDebug|x64
		{A6E5A0FF-BA2D-4C90-85FB-3C94A7776EDB}.WindowsDebug|x86.ActiveCfg = WindowsDebug|x86
		{A6E5A0FF-BA2D-4C90-85FB-3C94A7776EDB}.WindowsDebug|x86.Build.0 = WindowsDebug|x86
		{A6E5A0FF-BA2D-4C90-85FB-3C94A7776EDB}.WindowsRelease|x64.ActiveCfg = WindowsRelease|x64
		{A6E5A0FF-BA2D-4C90-85FB-3C94A7776EDB}.WindowsRelease|x64.Build.0 = WindowsRelease|x64
		{A6E5A0FF-BA2D-4C90-85FB-3C94A7776EDB}.WindowsRelease|x86.ActiveCfg = WindowsRelease|x86
		{A6E5A0FF-BA2D-4C90-85FB-3C94A7776EDB}.WindowsRelease|x86.Build.0 = WindowsRelease|x86
		{1AFCE7BF-5BCA-44BD-A27E-B6451005A032}.WindowsDebug|x64.ActiveCfg = WindowsDebug|x64
		{1AFCE7BF-5BCA-44BD-A27E-B6451005A032}.WindowsDebug|x64.Build.0 = WindowsDebug|x64
		{1AFCE7BF-5BCA-44BD-A27E-B6451005A032}.WindowsDebug|x86.ActiveCfg = WindowsDebug|x86
		{1AFCE7BF-5BCA-44BD-A27E-B6451005A032}.WindowsDebug|x86.Build.0 = WindowsDebug|x86
		{1AFCE7BF-5BCA-44BD-A27E-B6451005A032}.WindowsRelease|x64.ActiveCfg = WindowsRelease|x64
		{1AFCE7BF-5BCA-44BD-A27E-B6451005A032}.WindowsRelease|x64.Build.0 = WindowsRelease|x64
		{1AFCE7BF-5BCA-44BD-A27E-B6451005A032}.WindowsRelease|x86.ActiveCfg = WindowsRelease|x86
		{1AFCE7BF-5BCA-44BD-A27E-B6451005A032}.WindowsRelease|x86.Build.0 = WindowsRelease|x86
		{282F2139-D231-4350-B447-4B6A4B73539E}.WindowsDebug|x64.ActiveCfg = WindowsDebug|x64
		{282F2139-D231-4350-B447-4B6A4B73539E}.WindowsDebug|x64.Build.0 = WindowsDebug|x64
		{282F2139-D231-4350-B447-4B6A4B73539E}.WindowsDebug|x86.ActiveCfg = WindowsDebug|x86
		{282F2139-D231-4350-B447-4B6A4B73539E}.WindowsDebug|x86.Build.0 = WindowsDebug|x86
		{282F2139-D231-4350-B447-4B6A4B73539E}.WindowsRelease|x64.ActiveCfg = WindowsRelease|x64
		{282F2139-D231-4350-B447-4B6A4B73539E}.WindowsRelease|x64.Build.0 = WindowsRelease|x64
		{282F2139-D231-4350-B447-4B6A4B73539E}.WindowsRelease|x86.ActiveCfg = WindowsRelease|x86
		{282F2139-D231-4350-B447-4B6A4B73539E}.WindowsRelease|x86.Build.0 = WindowsRelease|x86
		{7A2D07F8-A024-4F06-A877-4D8A2ABC76EC}.WindowsDebug|x64.ActiveCfg = WindowsDebug|x64
		{7A2D07F8-A024-4F06-A877-4D8A2ABC76EC}.WindowsDebug|x64.Build.0 = WindowsDebug|x64
		{7A2D07F8-A024-4F06-A877-4D8A2ABC76EC}.WindowsDebug|x86.ActiveCfg = WindowsDebug|x86
		{7A2D07F8-A024-4F06-A877-4D8A2ABC76EC}.WindowsDebug|x86.Build.0 = WindowsDebug|x86
		{7A2D07F8-A024-4F06-A877-4D8A2ABC76EC}.WindowsRelease|x64.ActiveCfg = WindowsRelease|x86
		{7A2D07F8-A024-4F06-A877-4D8A2ABC76EC}.WindowsRelease|x64.Build.0 = WindowsRelease|x86
		{7A2D07F8-A024-4F06-A877-4D8A2ABC76EC}.WindowsRelease|x86.ActiveCfg = WindowsRelease|x86
		{7A2D07F8-A024-4F06-A877-4D8A2ABC76EC}.WindowsRelease|x86.Build.0 = WindowsRelease|x86
	EndGlobalSection
	GlobalSection(SolutionProperties) = preSolution
		HideSolutionNode = FALSE
	EndGlobalSection
	GlobalSection(ExtensibilityGlobals) = postSolution
		SolutionGuid = {43839E46-D2AB-4742-B522-A0299CE6512E}
	EndGlobalSection
	GlobalSection(NDepend) = preSolution
		Project = ".\Inputshare.ndproj"
	EndGlobalSection
EndGlobal
