
Microsoft Visual Studio Solution File, Format Version 12.00
# Visual Studio Version 16
VisualStudioVersion = 16.0.29111.141
MinimumVisualStudioVersion = 10.0.40219.1
Project("{9A19103F-16F7-4668-BE54-9A1E7A4F7556}") = "InputshareLib", "InputshareLib\InputshareLib.csproj", "{9099176C-96DD-438A-9542-B9AA32E2F7D9}"
EndProject
Project("{9A19103F-16F7-4668-BE54-9A1E7A4F7556}") = "InputshareLibWindows", "InputshareLibWindows\InputshareLibWindows.csproj", "{46921911-92C7-407B-8CC2-9248CACABC62}"
EndProject
Project("{9A19103F-16F7-4668-BE54-9A1E7A4F7556}") = "InputshareService", "InputshareService\InputshareService.csproj", "{1AFCE7BF-5BCA-44BD-A27E-B6451005A032}"
EndProject
Project("{9A19103F-16F7-4668-BE54-9A1E7A4F7556}") = "InputshareSP", "InputshareSP\InputshareSP.csproj", "{282F2139-D231-4350-B447-4B6A4B73539E}"
EndProject
Project("{9A19103F-16F7-4668-BE54-9A1E7A4F7556}") = "Inputshare", "Inputshare\Inputshare.csproj", "{7A2D07F8-A024-4F06-A877-4D8A2ABC76EC}"
EndProject
Global
	GlobalSection(SolutionConfigurationPlatforms) = preSolution
		Linux|Any CPU = Linux|Any CPU
		Windows|Any CPU = Windows|Any CPU
	EndGlobalSection
	GlobalSection(ProjectConfigurationPlatforms) = postSolution
		{9099176C-96DD-438A-9542-B9AA32E2F7D9}.Linux|Any CPU.ActiveCfg = Linux|Any CPU
		{9099176C-96DD-438A-9542-B9AA32E2F7D9}.Linux|Any CPU.Build.0 = Linux|Any CPU
		{9099176C-96DD-438A-9542-B9AA32E2F7D9}.Windows|Any CPU.ActiveCfg = Windows|Any CPU
		{9099176C-96DD-438A-9542-B9AA32E2F7D9}.Windows|Any CPU.Build.0 = Windows|Any CPU
		{46921911-92C7-407B-8CC2-9248CACABC62}.Linux|Any CPU.ActiveCfg = Linux|Any CPU
		{46921911-92C7-407B-8CC2-9248CACABC62}.Windows|Any CPU.ActiveCfg = Windows|Any CPU
		{46921911-92C7-407B-8CC2-9248CACABC62}.Windows|Any CPU.Build.0 = Windows|Any CPU
		{1AFCE7BF-5BCA-44BD-A27E-B6451005A032}.Linux|Any CPU.ActiveCfg = Linux|Any CPU
		{1AFCE7BF-5BCA-44BD-A27E-B6451005A032}.Windows|Any CPU.ActiveCfg = Windows|Any CPU
		{1AFCE7BF-5BCA-44BD-A27E-B6451005A032}.Windows|Any CPU.Build.0 = Windows|Any CPU
		{282F2139-D231-4350-B447-4B6A4B73539E}.Linux|Any CPU.ActiveCfg = Linux|Any CPU
		{282F2139-D231-4350-B447-4B6A4B73539E}.Windows|Any CPU.ActiveCfg = Windows|Any CPU
		{282F2139-D231-4350-B447-4B6A4B73539E}.Windows|Any CPU.Build.0 = Windows|Any CPU
		{7A2D07F8-A024-4F06-A877-4D8A2ABC76EC}.Linux|Any CPU.ActiveCfg = Linux|Any CPU
		{7A2D07F8-A024-4F06-A877-4D8A2ABC76EC}.Linux|Any CPU.Build.0 = Linux|Any CPU
		{7A2D07F8-A024-4F06-A877-4D8A2ABC76EC}.Windows|Any CPU.ActiveCfg = Windows|Any CPU
		{7A2D07F8-A024-4F06-A877-4D8A2ABC76EC}.Windows|Any CPU.Build.0 = Windows|Any CPU
	EndGlobalSection
	GlobalSection(SolutionProperties) = preSolution
		HideSolutionNode = FALSE
	EndGlobalSection
	GlobalSection(ExtensibilityGlobals) = postSolution
		SolutionGuid = {43839E46-D2AB-4742-B522-A0299CE6512E}
	EndGlobalSection
	GlobalSection(NDepend) = preSolution
		Project = ".\Inputshare.ndproj"
	EndGlobalSection
EndGlobal
